// !$*UTF8*$!
{
	archiveVersion = 1;
	classes = {
	};
	objectVersion = 56;
	objects = {

/* Begin PBXBuildFile section */
		84A8942A2D50C31C002FDD60 /* TaskManagementApp.swift in Sources */ = {isa = PBXBuildFile; fileRef = 84A894292D50C31C002FDD60 /* TaskManagementApp.swift */; };
		84A8942C2D50C31C002FDD60 /* ContentView.swift in Sources */ = {isa = PBXBuildFile; fileRef = 84A8942B2D50C31C002FDD60 /* ContentView.swift */; };
		84A8942E2D50C321002FDD60 /* Assets.xcassets in Resources */ = {isa = PBXBuildFile; fileRef = 84A8942D2D50C321002FDD60 /* Assets.xcassets */; };
		84A894312D50C321002FDD60 /* Preview Assets.xcassets in Resources */ = {isa = PBXBuildFile; fileRef = 84A894302D50C321002FDD60 /* Preview Assets.xcassets */; };
		84A8943B2D50C321002FDD60 /* TaskManagementTests.swift in Sources */ = {isa = PBXBuildFile; fileRef = 84A8943A2D50C321002FDD60 /* TaskManagementTests.swift */; };
		84A894452D50C322002FDD60 /* TaskManagementUITests.swift in Sources */ = {isa = PBXBuildFile; fileRef = 84A894442D50C322002FDD60 /* TaskManagementUITests.swift */; };
		84A894472D50C322002FDD60 /* TaskManagementUITestsLaunchTests.swift in Sources */ = {isa = PBXBuildFile; fileRef = 84A894462D50C322002FDD60 /* TaskManagementUITestsLaunchTests.swift */; };
		84A894552D50C3E8002FDD60 /* TaskManagement.xcdatamodeld in Sources */ = {isa = PBXBuildFile; fileRef = 84A894532D50C3E8002FDD60 /* TaskManagement.xcdatamodeld */; };
		84A894572D50C4CC002FDD60 /* PersistenceController.swift in Sources */ = {isa = PBXBuildFile; fileRef = 84A894562D50C4CC002FDD60 /* PersistenceController.swift */; };
		84A894592D50C8CE002FDD60 /* TaskAddView.swift in Sources */ = {isa = PBXBuildFile; fileRef = 84A894582D50C8CE002FDD60 /* TaskAddView.swift */; };
		84A8945B2D50C8F4002FDD60 /* TaskEditView.swift in Sources */ = {isa = PBXBuildFile; fileRef = 84A8945A2D50C8F4002FDD60 /* TaskEditView.swift */; };
/* End PBXBuildFile section */

/* Begin PBXContainerItemProxy section */
		84A894372D50C321002FDD60 /* PBXContainerItemProxy */ = {
			isa = PBXContainerItemProxy;
			containerPortal = 84A8941E2D50C31C002FDD60 /* Project object */;
			proxyType = 1;
			remoteGlobalIDString = 84A894252D50C31C002FDD60;
			remoteInfo = TaskManagement;
		};
		84A894412D50C322002FDD60 /* PBXContainerItemProxy */ = {
			isa = PBXContainerItemProxy;
			containerPortal = 84A8941E2D50C31C002FDD60 /* Project object */;
			proxyType = 1;
			remoteGlobalIDString = 84A894252D50C31C002FDD60;
			remoteInfo = TaskManagement;
		};
/* End PBXContainerItemProxy section */

/* Begin PBXFileReference section */
		84A894262D50C31C002FDD60 /* TaskManagement.app */ = {isa = PBXFileReference; explicitFileType = wrapper.application; includeInIndex = 0; path = TaskManagement.app; sourceTree = BUILT_PRODUCTS_DIR; };
		84A894292D50C31C002FDD60 /* TaskManagementApp.swift */ = {isa = PBXFileReference; lastKnownFileType = sourcecode.swift; path = TaskManagementApp.swift; sourceTree = "<group>"; };
		84A8942B2D50C31C002FDD60 /* ContentView.swift */ = {isa = PBXFileReference; lastKnownFileType = sourcecode.swift; path = ContentView.swift; sourceTree = "<group>"; };
		84A8942D2D50C321002FDD60 /* Assets.xcassets */ = {isa = PBXFileReference; lastKnownFileType = folder.assetcatalog; path = Assets.xcassets; sourceTree = "<group>"; };
		84A894302D50C321002FDD60 /* Preview Assets.xcassets */ = {isa = PBXFileReference; lastKnownFileType = folder.assetcatalog; path = "Preview Assets.xcassets"; sourceTree = "<group>"; };
		84A894362D50C321002FDD60 /* TaskManagementTests.xctest */ = {isa = PBXFileReference; explicitFileType = wrapper.cfbundle; includeInIndex = 0; path = TaskManagementTests.xctest; sourceTree = BUILT_PRODUCTS_DIR; };
		84A8943A2D50C321002FDD60 /* TaskManagementTests.swift */ = {isa = PBXFileReference; lastKnownFileType = sourcecode.swift; path = TaskManagementTests.swift; sourceTree = "<group>"; };
		84A894402D50C322002FDD60 /* TaskManagementUITests.xctest */ = {isa = PBXFileReference; explicitFileType = wrapper.cfbundle; includeInIndex = 0; path = TaskManagementUITests.xctest; sourceTree = BUILT_PRODUCTS_DIR; };
		84A894442D50C322002FDD60 /* TaskManagementUITests.swift */ = {isa = PBXFileReference; lastKnownFileType = sourcecode.swift; path = TaskManagementUITests.swift; sourceTree = "<group>"; };
		84A894462D50C322002FDD60 /* TaskManagementUITestsLaunchTests.swift */ = {isa = PBXFileReference; lastKnownFileType = sourcecode.swift; path = TaskManagementUITestsLaunchTests.swift; sourceTree = "<group>"; };
		84A894542D50C3E8002FDD60 /* TaskManagement.xcdatamodel */ = {isa = PBXFileReference; lastKnownFileType = wrapper.xcdatamodel; path = TaskManagement.xcdatamodel; sourceTree = "<group>"; };
		84A894562D50C4CC002FDD60 /* PersistenceController.swift */ = {isa = PBXFileReference; lastKnownFileType = sourcecode.swift; path = PersistenceController.swift; sourceTree = "<group>"; };
		84A894582D50C8CE002FDD60 /* TaskAddView.swift */ = {isa = PBXFileReference; lastKnownFileType = sourcecode.swift; path = TaskAddView.swift; sourceTree = "<group>"; };
		84A8945A2D50C8F4002FDD60 /* TaskEditView.swift */ = {isa = PBXFileReference; lastKnownFileType = sourcecode.swift; path = TaskEditView.swift; sourceTree = "<group>"; };
/* End PBXFileReference section */

/* Begin PBXFrameworksBuildPhase section */
		84A894232D50C31C002FDD60 /* Frameworks */ = {
			isa = PBXFrameworksBuildPhase;
			buildActionMask = 2147483647;
			files = (
			);
			runOnlyForDeploymentPostprocessing = 0;
		};
		84A894332D50C321002FDD60 /* Frameworks */ = {
			isa = PBXFrameworksBuildPhase;
			buildActionMask = 2147483647;
			files = (
			);
			runOnlyForDeploymentPostprocessing = 0;
		};
		84A8943D2D50C322002FDD60 /* Frameworks */ = {
			isa = PBXFrameworksBuildPhase;
			buildActionMask = 2147483647;
			files = (
			);
			runOnlyForDeploymentPostprocessing = 0;
		};
/* End PBXFrameworksBuildPhase section */

/* Begin PBXGroup section */
		84A8941D2D50C31C002FDD60 = {
			isa = PBXGroup;
			children = (
				84A894282D50C31C002FDD60 /* TaskManagement */,
				84A894392D50C321002FDD60 /* TaskManagementTests */,
				84A894432D50C322002FDD60 /* TaskManagementUITests */,
				84A894272D50C31C002FDD60 /* Products */,
			);
			sourceTree = "<group>";
		};
		84A894272D50C31C002FDD60 /* Products */ = {
			isa = PBXGroup;
			children = (
				84A894262D50C31C002FDD60 /* TaskManagement.app */,
				84A894362D50C321002FDD60 /* TaskManagementTests.xctest */,
				84A894402D50C322002FDD60 /* TaskManagementUITests.xctest */,
			);
			name = Products;
			sourceTree = "<group>";
		};
		84A894282D50C31C002FDD60 /* TaskManagement */ = {
			isa = PBXGroup;
			children = (
				84A894292D50C31C002FDD60 /* TaskManagementApp.swift */,
				84A8942B2D50C31C002FDD60 /* ContentView.swift */,
				84A8942D2D50C321002FDD60 /* Assets.xcassets */,
				84A8942F2D50C321002FDD60 /* Preview Content */,
				84A894532D50C3E8002FDD60 /* TaskManagement.xcdatamodeld */,
				84A894562D50C4CC002FDD60 /* PersistenceController.swift */,
				84A894582D50C8CE002FDD60 /* TaskAddView.swift */,
				84A8945A2D50C8F4002FDD60 /* TaskEditView.swift */,
			);
			path = TaskManagement;
			sourceTree = "<group>";
		};
		84A8942F2D50C321002FDD60 /* Preview Content */ = {
			isa = PBXGroup;
			children = (
				84A894302D50C321002FDD60 /* Preview Assets.xcassets */,
			);
			path = "Preview Content";
			sourceTree = "<group>";
		};
		84A894392D50C321002FDD60 /* TaskManagementTests */ = {
			isa = PBXGroup;
			children = (
				84A8943A2D50C321002FDD60 /* TaskManagementTests.swift */,
			);
			path = TaskManagementTests;
			sourceTree = "<group>";
		};
		84A894432D50C322002FDD60 /* TaskManagementUITests */ = {
			isa = PBXGroup;
			children = (
				84A894442D50C322002FDD60 /* TaskManagementUITests.swift */,
				84A894462D50C322002FDD60 /* TaskManagementUITestsLaunchTests.swift */,
			);
			path = TaskManagementUITests;
			sourceTree = "<group>";
		};
/* End PBXGroup section */

/* Begin PBXNativeTarget section */
		84A894252D50C31C002FDD60 /* TaskManagement */ = {
			isa = PBXNativeTarget;
			buildConfigurationList = 84A8944A2D50C322002FDD60 /* Build configuration list for PBXNativeTarget "TaskManagement" */;
			buildPhases = (
				84A894222D50C31C002FDD60 /* Sources */,
				84A894232D50C31C002FDD60 /* Frameworks */,
				84A894242D50C31C002FDD60 /* Resources */,
			);
			buildRules = (
			);
			dependencies = (
			);
			name = TaskManagement;
			productName = TaskManagement;
			productReference = 84A894262D50C31C002FDD60 /* TaskManagement.app */;
			productType = "com.apple.product-type.application";
		};
		84A894352D50C321002FDD60 /* TaskManagementTests */ = {
			isa = PBXNativeTarget;
			buildConfigurationList = 84A8944D2D50C322002FDD60 /* Build configuration list for PBXNativeTarget "TaskManagementTests" */;
			buildPhases = (
				84A894322D50C321002FDD60 /* Sources */,
				84A894332D50C321002FDD60 /* Frameworks */,
				84A894342D50C321002FDD60 /* Resources */,
			);
			buildRules = (
			);
			dependencies = (
				84A894382D50C321002FDD60 /* PBXTargetDependency */,
			);
			name = TaskManagementTests;
			productName = TaskManagementTests;
			productReference = 84A894362D50C321002FDD60 /* TaskManagementTests.xctest */;
			productType = "com.apple.product-type.bundle.unit-test";
		};
		84A8943F2D50C322002FDD60 /* TaskManagementUITests */ = {
			isa = PBXNativeTarget;
			buildConfigurationList = 84A894502D50C322002FDD60 /* Build configuration list for PBXNativeTarget "TaskManagementUITests" */;
			buildPhases = (
				84A8943C2D50C322002FDD60 /* Sources */,
				84A8943D2D50C322002FDD60 /* Frameworks */,
				84A8943E2D50C322002FDD60 /* Resources */,
			);
			buildRules = (
			);
			dependencies = (
				84A894422D50C322002FDD60 /* PBXTargetDependency */,
			);
			name = TaskManagementUITests;
			productName = TaskManagementUITests;
			productReference = 84A894402D50C322002FDD60 /* TaskManagementUITests.xctest */;
			productType = "com.apple.product-type.bundle.ui-testing";
		};
/* End PBXNativeTarget section */

/* Begin PBXProject section */
		84A8941E2D50C31C002FDD60 /* Project object */ = {
			isa = PBXProject;
			attributes = {
				BuildIndependentTargetsInParallel = 1;
				LastSwiftUpdateCheck = 1400;
				LastUpgradeCheck = 1400;
				TargetAttributes = {
					84A894252D50C31C002FDD60 = {
						CreatedOnToolsVersion = 14.0.1;
					};
					84A894352D50C321002FDD60 = {
						CreatedOnToolsVersion = 14.0.1;
						TestTargetID = 84A894252D50C31C002FDD60;
					};
					84A8943F2D50C322002FDD60 = {
						CreatedOnToolsVersion = 14.0.1;
						TestTargetID = 84A894252D50C31C002FDD60;
					};
				};
			};
			buildConfigurationList = 84A894212D50C31C002FDD60 /* Build configuration list for PBXProject "TaskManagement" */;
			compatibilityVersion = "Xcode 14.0";
			developmentRegion = en;
			hasScannedForEncodings = 0;
			knownRegions = (
				en,
				Base,
			);
			mainGroup = 84A8941D2D50C31C002FDD60;
			productRefGroup = 84A894272D50C31C002FDD60 /* Products */;
			projectDirPath = "";
			projectRoot = "";
			targets = (
				84A894252D50C31C002FDD60 /* TaskManagement */,
				84A894352D50C321002FDD60 /* TaskManagementTests */,
				84A8943F2D50C322002FDD60 /* TaskManagementUITests */,
			);
		};
/* End PBXProject section */

/* Begin PBXResourcesBuildPhase section */
		84A894242D50C31C002FDD60 /* Resources */ = {
			isa = PBXResourcesBuildPhase;
			buildActionMask = 2147483647;
			files = (
				84A894312D50C321002FDD60 /* Preview Assets.xcassets in Resources */,
				84A8942E2D50C321002FDD60 /* Assets.xcassets in Resources */,
			);
			runOnlyForDeploymentPostprocessing = 0;
		};
		84A894342D50C321002FDD60 /* Resources */ = {
			isa = PBXResourcesBuildPhase;
			buildActionMask = 2147483647;
			files = (
			);
			runOnlyForDeploymentPostprocessing = 0;
		};
		84A8943E2D50C322002FDD60 /* Resources */ = {
			isa = PBXResourcesBuildPhase;
			buildActionMask = 2147483647;
			files = (
			);
			runOnlyForDeploymentPostprocessing = 0;
		};
/* End PBXResourcesBuildPhase section */

/* Begin PBXSourcesBuildPhase section */
		84A894222D50C31C002FDD60 /* Sources */ = {
			isa = PBXSourcesBuildPhase;
			buildActionMask = 2147483647;
			files = (
				84A894552D50C3E8002FDD60 /* TaskManagement.xcdatamodeld in Sources */,
				84A8942C2D50C31C002FDD60 /* ContentView.swift in Sources */,
				84A8942A2D50C31C002FDD60 /* TaskManagementApp.swift in Sources */,
				84A8945B2D50C8F4002FDD60 /* TaskEditView.swift in Sources */,
				84A894572D50C4CC002FDD60 /* PersistenceController.swift in Sources */,
				84A894592D50C8CE002FDD60 /* TaskAddView.swift in Sources */,
			);
			runOnlyForDeploymentPostprocessing = 0;
		};
		84A894322D50C321002FDD60 /* Sources */ = {
			isa = PBXSourcesBuildPhase;
			buildActionMask = 2147483647;
			files = (
				84A8943B2D50C321002FDD60 /* TaskManagementTests.swift in Sources */,
			);
			runOnlyForDeploymentPostprocessing = 0;
		};
		84A8943C2D50C322002FDD60 /* Sources */ = {
			isa = PBXSourcesBuildPhase;
			buildActionMask = 2147483647;
			files = (
				84A894472D50C322002FDD60 /* TaskManagementUITestsLaunchTests.swift in Sources */,
				84A894452D50C322002FDD60 /* TaskManagementUITests.swift in Sources */,
			);
			runOnlyForDeploymentPostprocessing = 0;
		};
/* End PBXSourcesBuildPhase section */

/* Begin PBXTargetDependency section */
		84A894382D50C321002FDD60 /* PBXTargetDependency */ = {
			isa = PBXTargetDependency;
			target = 84A894252D50C31C002FDD60 /* TaskManagement */;
			targetProxy = 84A894372D50C321002FDD60 /* PBXContainerItemProxy */;
		};
		84A894422D50C322002FDD60 /* PBXTargetDependency */ = {
			isa = PBXTargetDependency;
			target = 84A894252D50C31C002FDD60 /* TaskManagement */;
			targetProxy = 84A894412D50C322002FDD60 /* PBXContainerItemProxy */;
		};
/* End PBXTargetDependency section */

/* Begin XCBuildConfiguration section */
		84A894482D50C322002FDD60 /* Debug */ = {
			isa = XCBuildConfiguration;
			buildSettings = {
				ALWAYS_SEARCH_USER_PATHS = NO;
				CLANG_ANALYZER_NONNULL = YES;
				CLANG_ANALYZER_NUMBER_OBJECT_CONVERSION = YES_AGGRESSIVE;
				CLANG_CXX_LANGUAGE_STANDARD = "gnu++20";
				CLANG_ENABLE_MODULES = YES;
				CLANG_ENABLE_OBJC_ARC = YES;
				CLANG_ENABLE_OBJC_WEAK = YES;
				CLANG_WARN_BLOCK_CAPTURE_AUTORELEASING = YES;
				CLANG_WARN_BOOL_CONVERSION = YES;
				CLANG_WARN_COMMA = YES;
				CLANG_WARN_CONSTANT_CONVERSION = YES;
				CLANG_WARN_DEPRECATED_OBJC_IMPLEMENTATIONS = YES;
				CLANG_WARN_DIRECT_OBJC_ISA_USAGE = YES_ERROR;
				CLANG_WARN_DOCUMENTATION_COMMENTS = YES;
				CLANG_WARN_EMPTY_BODY = YES;
				CLANG_WARN_ENUM_CONVERSION = YES;
				CLANG_WARN_INFINITE_RECURSION = YES;
				CLANG_WARN_INT_CONVERSION = YES;
				CLANG_WARN_NON_LITERAL_NULL_CONVERSION = YES;
				CLANG_WARN_OBJC_IMPLICIT_RETAIN_SELF = YES;
				CLANG_WARN_OBJC_LITERAL_CONVERSION = YES;
				CLANG_WARN_OBJC_ROOT_CLASS = YES_ERROR;
				CLANG_WARN_QUOTED_INCLUDE_IN_FRAMEWORK_HEADER = YES;
				CLANG_WARN_RANGE_LOOP_ANALYSIS = YES;
				CLANG_WARN_STRICT_PROTOTYPES = YES;
				CLANG_WARN_SUSPICIOUS_MOVE = YES;
				CLANG_WARN_UNGUARDED_AVAILABILITY = YES_AGGRESSIVE;
				CLANG_WARN_UNREACHABLE_CODE = YES;
				CLANG_WARN__DUPLICATE_METHOD_MATCH = YES;
				COPY_PHASE_STRIP = NO;
				DEBUG_INFORMATION_FORMAT = dwarf;
				ENABLE_STRICT_OBJC_MSGSEND = YES;
				ENABLE_TESTABILITY = YES;
				GCC_C_LANGUAGE_STANDARD = gnu11;
				GCC_DYNAMIC_NO_PIC = NO;
				GCC_NO_COMMON_BLOCKS = YES;
				GCC_OPTIMIZATION_LEVEL = 0;
				GCC_PREPROCESSOR_DEFINITIONS = (
					"DEBUG=1",
					"$(inherited)",
				);
				GCC_WARN_64_TO_32_BIT_CONVERSION = YES;
				GCC_WARN_ABOUT_RETURN_TYPE = YES_ERROR;
				GCC_WARN_UNDECLARED_SELECTOR = YES;
				GCC_WARN_UNINITIALIZED_AUTOS = YES_AGGRESSIVE;
				GCC_WARN_UNUSED_FUNCTION = YES;
				GCC_WARN_UNUSED_VARIABLE = YES;
				IPHONEOS_DEPLOYMENT_TARGET = 16.0;
				MTL_ENABLE_DEBUG_INFO = INCLUDE_SOURCE;
				MTL_FAST_MATH = YES;
				ONLY_ACTIVE_ARCH = YES;
				SDKROOT = iphoneos;
				SWIFT_ACTIVE_COMPILATION_CONDITIONS = DEBUG;
				SWIFT_OPTIMIZATION_LEVEL = "-Onone";
			};
			name = Debug;
		};
		84A894492D50C322002FDD60 /* Release */ = {
			isa = XCBuildConfiguration;
			buildSettings = {
				ALWAYS_SEARCH_USER_PATHS = NO;
				CLANG_ANALYZER_NONNULL = YES;
				CLANG_ANALYZER_NUMBER_OBJECT_CONVERSION = YES_AGGRESSIVE;
				CLANG_CXX_LANGUAGE_STANDARD = "gnu++20";
				CLANG_ENABLE_MODULES = YES;
				CLANG_ENABLE_OBJC_ARC = YES;
				CLANG_ENABLE_OBJC_WEAK = YES;
				CLANG_WARN_BLOCK_CAPTURE_AUTORELEASING = YES;
				CLANG_WARN_BOOL_CONVERSION = YES;
				CLANG_WARN_COMMA = YES;
				CLANG_WARN_CONSTANT_CONVERSION = YES;
				CLANG_WARN_DEPRECATED_OBJC_IMPLEMENTATIONS = YES;
				CLANG_WARN_DIRECT_OBJC_ISA_USAGE = YES_ERROR;
				CLANG_WARN_DOCUMENTATION_COMMENTS = YES;
				CLANG_WARN_EMPTY_BODY = YES;
				CLANG_WARN_ENUM_CONVERSION = YES;
				CLANG_WARN_INFINITE_RECURSION = YES;
				CLANG_WARN_INT_CONVERSION = YES;
				CLANG_WARN_NON_LITERAL_NULL_CONVERSION = YES;
				CLANG_WARN_OBJC_IMPLICIT_RETAIN_SELF = YES;
				CLANG_WARN_OBJC_LITERAL_CONVERSION = YES;
				CLANG_WARN_OBJC_ROOT_CLASS = YES_ERROR;
				CLANG_WARN_QUOTED_INCLUDE_IN_FRAMEWORK_HEADER = YES;
				CLANG_WARN_RANGE_LOOP_ANALYSIS = YES;
				CLANG_WARN_STRICT_PROTOTYPES = YES;
				CLANG_WARN_SUSPICIOUS_MOVE = YES;
				CLANG_WARN_UNGUARDED_AVAILABILITY = YES_AGGRESSIVE;
				CLANG_WARN_UNREACHABLE_CODE = YES;
				CLANG_WARN__DUPLICATE_METHOD_MATCH = YES;
				COPY_PHASE_STRIP = NO;
				DEBUG_INFORMATION_FORMAT = "dwarf-with-dsym";
				ENABLE_NS_ASSERTIONS = NO;
				ENABLE_STRICT_OBJC_MSGSEND = YES;
				GCC_C_LANGUAGE_STANDARD = gnu11;
				GCC_NO_COMMON_BLOCKS = YES;
				GCC_WARN_64_TO_32_BIT_CONVERSION = YES;
				GCC_WARN_ABOUT_RETURN_TYPE = YES_ERROR;
				GCC_WARN_UNDECLARED_SELECTOR = YES;
				GCC_WARN_UNINITIALIZED_AUTOS = YES_AGGRESSIVE;
				GCC_WARN_UNUSED_FUNCTION = YES;
				GCC_WARN_UNUSED_VARIABLE = YES;
				IPHONEOS_DEPLOYMENT_TARGET = 16.0;
				MTL_ENABLE_DEBUG_INFO = NO;
				MTL_FAST_MATH = YES;
				SDKROOT = iphoneos;
				SWIFT_COMPILATION_MODE = wholemodule;
				SWIFT_OPTIMIZATION_LEVEL = "-O";
				VALIDATE_PRODUCT = YES;
			};
			name = Release;
		};
		84A8944B2D50C322002FDD60 /* Debug */ = {
			isa = XCBuildConfiguration;
			buildSettings = {
				ASSETCATALOG_COMPILER_APPICON_NAME = AppIcon;
				ASSETCATALOG_COMPILER_GLOBAL_ACCENT_COLOR_NAME = AccentColor;
				CODE_SIGN_STYLE = Automatic;
				CURRENT_PROJECT_VERSION = 1;
				DEVELOPMENT_ASSET_PATHS = "\"TaskManagement/Preview Content\"";
				ENABLE_PREVIEWS = YES;
				GENERATE_INFOPLIST_FILE = YES;
				INFOPLIST_KEY_UIApplicationSceneManifest_Generation = YES;
				INFOPLIST_KEY_UIApplicationSupportsIndirectInputEvents = YES;
				INFOPLIST_KEY_UILaunchScreen_Generation = YES;
				INFOPLIST_KEY_UISupportedInterfaceOrientations_iPad = "UIInterfaceOrientationPortrait UIInterfaceOrientationPortraitUpsideDown UIInterfaceOrientationLandscapeLeft UIInterfaceOrientationLandscapeRight";
				INFOPLIST_KEY_UISupportedInterfaceOrientations_iPhone = "UIInterfaceOrientationPortrait UIInterfaceOrientationLandscapeLeft UIInterfaceOrientationLandscapeRight";
				LD_RUNPATH_SEARCH_PATHS = (
					"$(inherited)",
					"@executable_path/Frameworks",
				);
				MARKETING_VERSION = 1.0;
				PRODUCT_BUNDLE_IDENTIFIER = com.example.sampleapp.TaskManagement;
				PRODUCT_NAME = "$(TARGET_NAME)";
				SWIFT_EMIT_LOC_STRINGS = YES;
				SWIFT_VERSION = 5.0;
				TARGETED_DEVICE_FAMILY = "1,2";
			};
			name = Debug;
		};
		84A8944C2D50C322002FDD60 /* Release */ = {
			isa = XCBuildConfiguration;
			buildSettings = {
				ASSETCATALOG_COMPILER_APPICON_NAME = AppIcon;
				ASSETCATALOG_COMPILER_GLOBAL_ACCENT_COLOR_NAME = AccentColor;
				CODE_SIGN_STYLE = Automatic;
				CURRENT_PROJECT_VERSION = 1;
				DEVELOPMENT_ASSET_PATHS = "\"TaskManagement/Preview Content\"";
				ENABLE_PREVIEWS = YES;
				GENERATE_INFOPLIST_FILE = YES;
				INFOPLIST_KEY_UIApplicationSceneManifest_Generation = YES;
				INFOPLIST_KEY_UIApplicationSupportsIndirectInputEvents = YES;
				INFOPLIST_KEY_UILaunchScreen_Generation = YES;
				INFOPLIST_KEY_UISupportedInterfaceOrientations_iPad = "UIInterfaceOrientationPortrait UIInterfaceOrientationPortraitUpsideDown UIInterfaceOrientationLandscapeLeft UIInterfaceOrientationLandscapeRight";
				INFOPLIST_KEY_UISupportedInterfaceOrientations_iPhone = "UIInterfaceOrientationPortrait UIInterfaceOrientationLandscapeLeft UIInterfaceOrientationLandscapeRight";
				LD_RUNPATH_SEARCH_PATHS = (
					"$(inherited)",
					"@executable_path/Frameworks",
				);
				MARKETING_VERSION = 1.0;
				PRODUCT_BUNDLE_IDENTIFIER = com.example.sampleapp.TaskManagement;
				PRODUCT_NAME = "$(TARGET_NAME)";
				SWIFT_EMIT_LOC_STRINGS = YES;
				SWIFT_VERSION = 5.0;
				TARGETED_DEVICE_FAMILY = "1,2";
			};
			name = Release;
		};
		84A8944E2D50C322002FDD60 /* Debug */ = {
			isa = XCBuildConfiguration;
			buildSettings = {
				ALWAYS_EMBED_SWIFT_STANDARD_LIBRARIES = YES;
				BUNDLE_LOADER = "$(TEST_HOST)";
				CODE_SIGN_STYLE = Automatic;
				CURRENT_PROJECT_VERSION = 1;
				GENERATE_INFOPLIST_FILE = YES;
				IPHONEOS_DEPLOYMENT_TARGET = 16.0;
				MARKETING_VERSION = 1.0;
				PRODUCT_BUNDLE_IDENTIFIER = com.example.sampleapp.TaskManagementTests;
				PRODUCT_NAME = "$(TARGET_NAME)";
				SWIFT_EMIT_LOC_STRINGS = NO;
				SWIFT_VERSION = 5.0;
				TARGETED_DEVICE_FAMILY = "1,2";
				TEST_HOST = "$(BUILT_PRODUCTS_DIR)/TaskManagement.app/$(BUNDLE_EXECUTABLE_FOLDER_PATH)/TaskManagement";
			};
			name = Debug;
		};
		84A8944F2D50C322002FDD60 /* Release */ = {
			isa = XCBuildConfiguration;
			buildSettings = {
				ALWAYS_EMBED_SWIFT_STANDARD_LIBRARIES = YES;
				BUNDLE_LOADER = "$(TEST_HOST)";
				CODE_SIGN_STYLE = Automatic;
				CURRENT_PROJECT_VERSION = 1;
				GENERATE_INFOPLIST_FILE = YES;
				IPHONEOS_DEPLOYMENT_TARGET = 16.0;
				MARKETING_VERSION = 1.0;
				PRODUCT_BUNDLE_IDENTIFIER = com.example.sampleapp.TaskManagementTests;
				PRODUCT_NAME = "$(TARGET_NAME)";
				SWIFT_EMIT_LOC_STRINGS = NO;
				SWIFT_VERSION = 5.0;
				TARGETED_DEVICE_FAMILY = "1,2";
				TEST_HOST = "$(BUILT_PRODUCTS_DIR)/TaskManagement.app/$(BUNDLE_EXECUTABLE_FOLDER_PATH)/TaskManagement";
			};
			name = Release;
		};
		84A894512D50C322002FDD60 /* Debug */ = {
			isa = XCBuildConfiguration;
			buildSettings = {
				ALWAYS_EMBED_SWIFT_STANDARD_LIBRARIES = YES;
				CODE_SIGN_STYLE = Automatic;
				CURRENT_PROJECT_VERSION = 1;
				GENERATE_INFOPLIST_FILE = YES;
				MARKETING_VERSION = 1.0;
				PRODUCT_BUNDLE_IDENTIFIER = com.example.sampleapp.TaskManagementUITests;
				PRODUCT_NAME = "$(TARGET_NAME)";
				SWIFT_EMIT_LOC_STRINGS = NO;
				SWIFT_VERSION = 5.0;
				TARGETED_DEVICE_FAMILY = "1,2";
				TEST_TARGET_NAME = TaskManagement;
			};
			name = Debug;
		};
		84A894522D50C322002FDD60 /* Release */ = {
			isa = XCBuildConfiguration;
			buildSettings = {
				ALWAYS_EMBED_SWIFT_STANDARD_LIBRARIES = YES;
				CODE_SIGN_STYLE = Automatic;
				CURRENT_PROJECT_VERSION = 1;
				GENERATE_INFOPLIST_FILE = YES;
				MARKETING_VERSION = 1.0;
				PRODUCT_BUNDLE_IDENTIFIER = com.example.sampleapp.TaskManagementUITests;
				PRODUCT_NAME = "$(TARGET_NAME)";
				SWIFT_EMIT_LOC_STRINGS = NO;
				SWIFT_VERSION = 5.0;
				TARGETED_DEVICE_FAMILY = "1,2";
				TEST_TARGET_NAME = TaskManagement;
			};
			name = Release;
		};
/* End XCBuildConfiguration section */

/* Begin XCConfigurationList section */
		84A894212D50C31C002FDD60 /* Build configuration list for PBXProject "TaskManagement" */ = {
			isa = XCConfigurationList;
			buildConfigurations = (
				84A894482D50C322002FDD60 /* Debug */,
				84A894492D50C322002FDD60 /* Release */,
			);
			defaultConfigurationIsVisible = 0;
			defaultConfigurationName = Release;
		};
		84A8944A2D50C322002FDD60 /* Build configuration list for PBXNativeTarget "TaskManagement" */ = {
			isa = XCConfigurationList;
			buildConfigurations = (
				84A8944B2D50C322002FDD60 /* Debug */,
				84A8944C2D50C322002FDD60 /* Release */,
			);
			defaultConfigurationIsVisible = 0;
			defaultConfigurationName = Release;
		};
		84A8944D2D50C322002FDD60 /* Build configuration list for PBXNativeTarget "TaskManagementTests" */ = {
			isa = XCConfigurationList;
			buildConfigurations = (
				84A8944E2D50C322002FDD60 /* Debug */,
				84A8944F2D50C322002FDD60 /* Release */,
			);
			defaultConfigurationIsVisible = 0;
			defaultConfigurationName = Release;
		};
		84A894502D50C322002FDD60 /* Build configuration list for PBXNativeTarget "TaskManagementUITests" */ = {
			isa = XCConfigurationList;
			buildConfigurations = (
				84A894512D50C322002FDD60 /* Debug */,
				84A894522D50C322002FDD60 /* Release */,
			);
			defaultConfigurationIsVisible = 0;
			defaultConfigurationName = Release;
		};
/* End XCConfigurationList section */

/* Begin XCVersionGroup section */
		84A894532D50C3E8002FDD60 /* TaskManagement.xcdatamodeld */ = {
			isa = XCVersionGroup;
			children = (
				84A894542D50C3E8002FDD60 /* TaskManagement.xcdatamodel */,
			);
			currentVersion = 84A894542D50C3E8002FDD60 /* TaskManagement.xcdatamodel */;
			path = TaskManagement.xcdatamodeld;
			sourceTree = "<group>";
			versionGroupType = wrapper.xcdatamodel;
		};
/* End XCVersionGroup section */
	};
	rootObject = 84A8941E2D50C31C002FDD60 /* Project object */;
}
